
Microsoft Visual Studio Solution File, Format Version 12.00
# Visual Studio 2013
VisualStudioVersion = 12.0.31101.0
MinimumVisualStudioVersion = 10.0.40219.1
Project("{FAE04EC0-301F-11D3-BF4B-00C04F79EFBC}") = "Oms.Server.Domain", "Oms.Server.Domain\Oms.Server.Domain.csproj", "{266B6B47-EBAF-4A5D-8816-4803641A36F9}"
EndProject
Project("{FAE04EC0-301F-11D3-BF4B-00C04F79EFBC}") = "Oms.Transport", "Oms.Transport\Oms.Transport.csproj", "{6D8E04EE-5FC8-4290-A741-095047228550}"
EndProject
Project("{FAE04EC0-301F-11D3-BF4B-00C04F79EFBC}") = "Oms.Server.DataAccess", "Oms.Server.DataAccess\Oms.Server.DataAccess.csproj", "{4AE752FE-B7CF-4047-8FD3-0D429B65C769}"
EndProject
Project("{FAE04EC0-301F-11D3-BF4B-00C04F79EFBC}") = "Oms.Server.host", "Oms.Server.host\Oms.Server.host.csproj", "{B84A3D9A-FB29-4EA8-91F9-31742BB77E8C}"
EndProject
Project("{FAE04EC0-301F-11D3-BF4B-00C04F79EFBC}") = "Oms.Server.Core", "Oms.Server.Core\Oms.Server.Core.csproj", "{DDF6934E-37CF-4084-9721-FE93F807D9BA}"
EndProject
Project("{FAE04EC0-301F-11D3-BF4B-00C04F79EFBC}") = "Oms.Framework", "Oms.Framework\Oms.Framework.csproj", "{DF2163D9-114A-436E-8782-81D7527DF000}"
EndProject
Project("{FAE04EC0-301F-11D3-BF4B-00C04F79EFBC}") = "Oms.Client", "Oms.Client\Oms.Client.csproj", "{746E170D-1099-44C9-AA41-A8C120741C4E}"
EndProject
Project("{2150E333-8FDC-42A3-9474-1A3956D46DE8}") = "04-Graphical Layer", "04-Graphical Layer", "{406A8566-582D-41F7-A5E7-018770108DD3}"
EndProject
Project("{2150E333-8FDC-42A3-9474-1A3956D46DE8}") = "01-Data Layer", "01-Data Layer", "{8456DCB0-D4C4-4F73-9871-CA9558EF80C8}"
EndProject
Project("{2150E333-8FDC-42A3-9474-1A3956D46DE8}") = "02-Business Layer", "02-Business Layer", "{BA095F18-9932-4F3F-B89A-EE0168E649E0}"
EndProject
Project("{2150E333-8FDC-42A3-9474-1A3956D46DE8}") = "03-Services Layer", "03-Services Layer", "{5B8808AA-5C0B-4D49-BC47-6CC4F83AB976}"
EndProject
Project("{2150E333-8FDC-42A3-9474-1A3956D46DE8}") = "05-Framework", "05-Framework", "{359CA314-0CC3-4EB4-945C-715BBD38C2DD}"
EndProject
Project("{FAE04EC0-301F-11D3-BF4B-00C04F79EFBC}") = "Oms.Server.DataAccess.Tests", "Oms.Server.DataAccess.Tests\Oms.Server.DataAccess.Tests.csproj", "{D95A03BB-AC5E-47D2-85FE-F4E60C15D4CE}"
EndProject
Project("{FAE04EC0-301F-11D3-BF4B-00C04F79EFBC}") = "Oms.Server.Domain.Tests", "Oms.Server.Domain.Tests\Oms.Server.Domain.Tests.csproj", "{94B1D5F4-0BE8-44C0-99A1-9DD2843F30A0}"
EndProject
Project("{FAE04EC0-301F-11D3-BF4B-00C04F79EFBC}") = "Oms.Server.Core.Tests", "Oms.Server.Core.Tests\Oms.Server.Core.Tests.csproj", "{4E2DDB24-7F36-4FA7-87BB-659E6F642098}"
EndProject
Project("{2150E333-8FDC-42A3-9474-1A3956D46DE8}") = ".nuget", ".nuget", "{FB30FBDB-D528-4C45-8150-B4A368ED5BFA}"
	ProjectSection(SolutionItems) = preProject
		.nuget\NuGet.Config = .nuget\NuGet.Config
		.nuget\NuGet.exe = .nuget\NuGet.exe
		.nuget\NuGet.targets = .nuget\NuGet.targets
	EndProjectSection
EndProject
Project("{2150E333-8FDC-42A3-9474-1A3956D46DE8}") = "00-Specifications", "00-Specifications", "{52FF463E-6CA5-49C9-B88D-AA703FE51420}"
EndProject
Global
	GlobalSection(SolutionConfigurationPlatforms) = preSolution
		Debug|Any CPU = Debug|Any CPU
		Release|Any CPU = Release|Any CPU
	EndGlobalSection
	GlobalSection(ProjectConfigurationPlatforms) = postSolution
		{266B6B47-EBAF-4A5D-8816-4803641A36F9}.Debug|Any CPU.ActiveCfg = Debug|Any CPU
		{266B6B47-EBAF-4A5D-8816-4803641A36F9}.Debug|Any CPU.Build.0 = Debug|Any CPU
		{266B6B47-EBAF-4A5D-8816-4803641A36F9}.Release|Any CPU.ActiveCfg = Release|Any CPU
		{266B6B47-EBAF-4A5D-8816-4803641A36F9}.Release|Any CPU.Build.0 = Release|Any CPU
		{6D8E04EE-5FC8-4290-A741-095047228550}.Debug|Any CPU.ActiveCfg = Debug|Any CPU
		{6D8E04EE-5FC8-4290-A741-095047228550}.Debug|Any CPU.Build.0 = Debug|Any CPU
		{6D8E04EE-5FC8-4290-A741-095047228550}.Release|Any CPU.ActiveCfg = Release|Any CPU
		{6D8E04EE-5FC8-4290-A741-095047228550}.Release|Any CPU.Build.0 = Release|Any CPU
		{4AE752FE-B7CF-4047-8FD3-0D429B65C769}.Debug|Any CPU.ActiveCfg = Debug|Any CPU
		{4AE752FE-B7CF-4047-8FD3-0D429B65C769}.Debug|Any CPU.Build.0 = Debug|Any CPU
		{4AE752FE-B7CF-4047-8FD3-0D429B65C769}.Release|Any CPU.ActiveCfg = Release|Any CPU
		{4AE752FE-B7CF-4047-8FD3-0D429B65C769}.Release|Any CPU.Build.0 = Release|Any CPU
		{B84A3D9A-FB29-4EA8-91F9-31742BB77E8C}.Debug|Any CPU.ActiveCfg = Debug|Any CPU
		{B84A3D9A-FB29-4EA8-91F9-31742BB77E8C}.Debug|Any CPU.Build.0 = Debug|Any CPU
		{B84A3D9A-FB29-4EA8-91F9-31742BB77E8C}.Release|Any CPU.ActiveCfg = Release|Any CPU
		{B84A3D9A-FB29-4EA8-91F9-31742BB77E8C}.Release|Any CPU.Build.0 = Release|Any CPU
		{DDF6934E-37CF-4084-9721-FE93F807D9BA}.Debug|Any CPU.ActiveCfg = Debug|Any CPU
		{DDF6934E-37CF-4084-9721-FE93F807D9BA}.Debug|Any CPU.Build.0 = Debug|Any CPU
		{DDF6934E-37CF-4084-9721-FE93F807D9BA}.Release|Any CPU.ActiveCfg = Release|Any CPU
		{DDF6934E-37CF-4084-9721-FE93F807D9BA}.Release|Any CPU.Build.0 = Release|Any CPU
		{DF2163D9-114A-436E-8782-81D7527DF000}.Debug|Any CPU.ActiveCfg = Debug|Any CPU
		{DF2163D9-114A-436E-8782-81D7527DF000}.Debug|Any CPU.Build.0 = Debug|Any CPU
		{DF2163D9-114A-436E-8782-81D7527DF000}.Release|Any CPU.ActiveCfg = Release|Any CPU
		{DF2163D9-114A-436E-8782-81D7527DF000}.Release|Any CPU.Build.0 = Release|Any CPU
		{746E170D-1099-44C9-AA41-A8C120741C4E}.Debug|Any CPU.ActiveCfg = Debug|Any CPU
		{746E170D-1099-44C9-AA41-A8C120741C4E}.Debug|Any CPU.Build.0 = Debug|Any CPU
		{746E170D-1099-44C9-AA41-A8C120741C4E}.Release|Any CPU.ActiveCfg = Release|Any CPU
		{746E170D-1099-44C9-AA41-A8C120741C4E}.Release|Any CPU.Build.0 = Release|Any CPU
		{D95A03BB-AC5E-47D2-85FE-F4E60C15D4CE}.Debug|Any CPU.ActiveCfg = Debug|Any CPU
		{D95A03BB-AC5E-47D2-85FE-F4E60C15D4CE}.Debug|Any CPU.Build.0 = Debug|Any CPU
		{D95A03BB-AC5E-47D2-85FE-F4E60C15D4CE}.Release|Any CPU.ActiveCfg = Release|Any CPU
		{D95A03BB-AC5E-47D2-85FE-F4E60C15D4CE}.Release|Any CPU.Build.0 = Release|Any CPU
		{94B1D5F4-0BE8-44C0-99A1-9DD2843F30A0}.Debug|Any CPU.ActiveCfg = Debug|Any CPU
		{94B1D5F4-0BE8-44C0-99A1-9DD2843F30A0}.Debug|Any CPU.Build.0 = Debug|Any CPU
		{94B1D5F4-0BE8-44C0-99A1-9DD2843F30A0}.Release|Any CPU.ActiveCfg = Release|Any CPU
		{94B1D5F4-0BE8-44C0-99A1-9DD2843F30A0}.Release|Any CPU.Build.0 = Release|Any CPU
		{4E2DDB24-7F36-4FA7-87BB-659E6F642098}.Debug|Any CPU.ActiveCfg = Debug|Any CPU
		{4E2DDB24-7F36-4FA7-87BB-659E6F642098}.Debug|Any CPU.Build.0 = Debug|Any CPU
		{4E2DDB24-7F36-4FA7-87BB-659E6F642098}.Release|Any CPU.ActiveCfg = Release|Any CPU
		{4E2DDB24-7F36-4FA7-87BB-659E6F642098}.Release|Any CPU.Build.0 = Release|Any CPU
	EndGlobalSection
	GlobalSection(SolutionProperties) = preSolution
		HideSolutionNode = FALSE
	EndGlobalSection
	GlobalSection(NestedProjects) = preSolution
		{266B6B47-EBAF-4A5D-8816-4803641A36F9} = {BA095F18-9932-4F3F-B89A-EE0168E649E0}
		{6D8E04EE-5FC8-4290-A741-095047228550} = {359CA314-0CC3-4EB4-945C-715BBD38C2DD}
		{4AE752FE-B7CF-4047-8FD3-0D429B65C769} = {8456DCB0-D4C4-4F73-9871-CA9558EF80C8}
		{B84A3D9A-FB29-4EA8-91F9-31742BB77E8C} = {5B8808AA-5C0B-4D49-BC47-6CC4F83AB976}
		{DDF6934E-37CF-4084-9721-FE93F807D9BA} = {5B8808AA-5C0B-4D49-BC47-6CC4F83AB976}
		{DF2163D9-114A-436E-8782-81D7527DF000} = {359CA314-0CC3-4EB4-945C-715BBD38C2DD}
		{746E170D-1099-44C9-AA41-A8C120741C4E} = {406A8566-582D-41F7-A5E7-018770108DD3}
		{D95A03BB-AC5E-47D2-85FE-F4E60C15D4CE} = {8456DCB0-D4C4-4F73-9871-CA9558EF80C8}
		{94B1D5F4-0BE8-44C0-99A1-9DD2843F30A0} = {BA095F18-9932-4F3F-B89A-EE0168E649E0}
		{4E2DDB24-7F36-4FA7-87BB-659E6F642098} = {5B8808AA-5C0B-4D49-BC47-6CC4F83AB976}
	EndGlobalSection
EndGlobal
